
Microsoft Visual Studio Solution File, Format Version 12.00
# Visual Studio 15
VisualStudioVersion = 15.0.28010.2048
MinimumVisualStudioVersion = 10.0.40219.1
Project("{9A19103F-16F7-4668-BE54-9A1E7A4F7556}") = "EventHubCollector", "EventHubCollector\EventHubCollector.csproj", "{DB0A7512-52E6-469E-9314-96DA82BC48A6}"
EndProject
Global
	GlobalSection(SolutionConfigurationPlatforms) = preSolution
		Debug|Any CPU = Debug|Any CPU
		Release|Any CPU = Release|Any CPU
	EndGlobalSection
	GlobalSection(ProjectConfigurationPlatforms) = postSolution
		{DB0A7512-52E6-469E-9314-96DA82BC48A6}.Debug|Any CPU.ActiveCfg = Debug|Any CPU
		{DB0A7512-52E6-469E-9314-96DA82BC48A6}.Debug|Any CPU.Build.0 = Debug|Any CPU
		{DB0A7512-52E6-469E-9314-96DA82BC48A6}.Release|Any CPU.ActiveCfg = Release|Any CPU
		{DB0A7512-52E6-469E-9314-96DA82BC48A6}.Release|Any CPU.Build.0 = Release|Any CPU
	EndGlobalSection
	GlobalSection(SolutionProperties) = preSolution
		HideSolutionNode = FALSE
	EndGlobalSection
	GlobalSection(ExtensibilityGlobals) = postSolution
		SolutionGuid = {65EFEC7B-E4F3-46D8-A931-64381B285443}
	EndGlobalSection
EndGlobal
